
Microsoft Visual Studio Solution File, Format Version 12.00
# Visual Studio Version 17
VisualStudioVersion = 17.4.33205.214
MinimumVisualStudioVersion = 10.0.40219.1
Project("{9A19103F-16F7-4668-BE54-9A1E7A4F7556}") = "Cinemava.Infrastructure", "Cinemava.Infrastructure\Cinemava.Infrastructure.csproj", "{50911A29-BD2C-4A07-832A-F20967586E01}"
EndProject
Project("{9A19103F-16F7-4668-BE54-9A1E7A4F7556}") = "Cinemava.Core", "Cinemava.Core\Cinemava.Core.csproj", "{20442153-D20B-47FF-98CF-171DAF5498B2}"
EndProject
Project("{9A19103F-16F7-4668-BE54-9A1E7A4F7556}") = "Cinemava.WebAPI", "Cinemava.WebAPI\Cinemava.WebAPI.csproj", "{A7FBA6FF-FE1B-4785-929C-C69E392B075D}"
EndProject
Project("{FAE04EC0-301F-11D3-BF4B-00C04F79EFBC}") = "Cinemava.Application", "Cinemava.Application\Cinemava.Application.csproj", "{C2B65AAF-4822-40BA-8A9E-789DC23CC2A5}"
EndProject
Global
	GlobalSection(SolutionConfigurationPlatforms) = preSolution
		Debug|Any CPU = Debug|Any CPU
		Release|Any CPU = Release|Any CPU
	EndGlobalSection
	GlobalSection(ProjectConfigurationPlatforms) = postSolution
		{50911A29-BD2C-4A07-832A-F20967586E01}.Debug|Any CPU.ActiveCfg = Debug|Any CPU
		{50911A29-BD2C-4A07-832A-F20967586E01}.Debug|Any CPU.Build.0 = Debug|Any CPU
		{50911A29-BD2C-4A07-832A-F20967586E01}.Release|Any CPU.ActiveCfg = Release|Any CPU
		{50911A29-BD2C-4A07-832A-F20967586E01}.Release|Any CPU.Build.0 = Release|Any CPU
		{20442153-D20B-47FF-98CF-171DAF5498B2}.Debug|Any CPU.ActiveCfg = Debug|Any CPU
		{20442153-D20B-47FF-98CF-171DAF5498B2}.Debug|Any CPU.Build.0 = Debug|Any CPU
		{20442153-D20B-47FF-98CF-171DAF5498B2}.Release|Any CPU.ActiveCfg = Release|Any CPU
		{20442153-D20B-47FF-98CF-171DAF5498B2}.Release|Any CPU.Build.0 = Release|Any CPU
		{A7FBA6FF-FE1B-4785-929C-C69E392B075D}.Debug|Any CPU.ActiveCfg = Debug|Any CPU
		{A7FBA6FF-FE1B-4785-929C-C69E392B075D}.Debug|Any CPU.Build.0 = Debug|Any CPU
		{A7FBA6FF-FE1B-4785-929C-C69E392B075D}.Release|Any CPU.ActiveCfg = Release|Any CPU
		{A7FBA6FF-FE1B-4785-929C-C69E392B075D}.Release|Any CPU.Build.0 = Release|Any CPU
		{C2B65AAF-4822-40BA-8A9E-789DC23CC2A5}.Debug|Any CPU.ActiveCfg = Debug|Any CPU
		{C2B65AAF-4822-40BA-8A9E-789DC23CC2A5}.Debug|Any CPU.Build.0 = Debug|Any CPU
		{C2B65AAF-4822-40BA-8A9E-789DC23CC2A5}.Release|Any CPU.ActiveCfg = Release|Any CPU
		{C2B65AAF-4822-40BA-8A9E-789DC23CC2A5}.Release|Any CPU.Build.0 = Release|Any CPU
	EndGlobalSection
	GlobalSection(SolutionProperties) = preSolution
		HideSolutionNode = FALSE
	EndGlobalSection
	GlobalSection(ExtensibilityGlobals) = postSolution
		SolutionGuid = {648FAFD5-C97A-4F83-B4D4-24E27B6F517B}
	EndGlobalSection
EndGlobal
